
Microsoft Visual Studio Solution File, Format Version 12.00
# Visual Studio Version 17
VisualStudioVersion = 17.11.35219.272
MinimumVisualStudioVersion = 10.0.40219.1
Project("{8BC9CEB8-8B4A-11D0-8D11-00A0C91BC942}") = "LaboratoireUn", "LaboratoireUn\LaboratoireUn.vcxproj", "{82B4DDC2-02F6-4D86-94C7-B5CC814EE0BB}"
EndProject
Global
	GlobalSection(SolutionConfigurationPlatforms) = preSolution
		Debug|x64 = Debug|x64
		Debug|x86 = Debug|x86
		Release|x64 = Release|x64
		Release|x86 = Release|x86
	EndGlobalSection
	GlobalSection(ProjectConfigurationPlatforms) = postSolution
		{82B4DDC2-02F6-4D86-94C7-B5CC814EE0BB}.Debug|x64.ActiveCfg = Debug|x64
		{82B4DDC2-02F6-4D86-94C7-B5CC814EE0BB}.Debug|x64.Build.0 = Debug|x64
		{82B4DDC2-02F6-4D86-94C7-B5CC814EE0BB}.Debug|x86.ActiveCfg = Debug|Win32
		{82B4DDC2-02F6-4D86-94C7-B5CC814EE0BB}.Debug|x86.Build.0 = Debug|Win32
		{82B4DDC2-02F6-4D86-94C7-B5CC814EE0BB}.Release|x64.ActiveCfg = Release|x64
		{82B4DDC2-02F6-4D86-94C7-B5CC814EE0BB}.Release|x64.Build.0 = Release|x64
		{82B4DDC2-02F6-4D86-94C7-B5CC814EE0BB}.Release|x86.ActiveCfg = Release|Win32
		{82B4DDC2-02F6-4D86-94C7-B5CC814EE0BB}.Release|x86.Build.0 = Release|Win32
	EndGlobalSection
	GlobalSection(SolutionProperties) = preSolution
		HideSolutionNode = FALSE
	EndGlobalSection
	GlobalSection(ExtensibilityGlobals) = postSolution
		SolutionGuid = {3F554D79-B3DF-4AAD-AD33-0F68D359951F}
	EndGlobalSection
EndGlobal
